
Microsoft Visual Studio Solution File, Format Version 12.00
# Visual Studio Version 17
VisualStudioVersion = 17.3.32804.467
MinimumVisualStudioVersion = 10.0.40219.1
Project("{FAE04EC0-301F-11D3-BF4B-00C04F79EFBC}") = "Task34", "Task34\Task34.csproj", "{B958774D-D809-4693-B336-11AC4A4826EF}"
EndProject
Global
	GlobalSection(SolutionConfigurationPlatforms) = preSolution
		Debug|Any CPU = Debug|Any CPU
		Release|Any CPU = Release|Any CPU
	EndGlobalSection
	GlobalSection(ProjectConfigurationPlatforms) = postSolution
		{B958774D-D809-4693-B336-11AC4A4826EF}.Debug|Any CPU.ActiveCfg = Debug|Any CPU
		{B958774D-D809-4693-B336-11AC4A4826EF}.Debug|Any CPU.Build.0 = Debug|Any CPU
		{B958774D-D809-4693-B336-11AC4A4826EF}.Release|Any CPU.ActiveCfg = Release|Any CPU
		{B958774D-D809-4693-B336-11AC4A4826EF}.Release|Any CPU.Build.0 = Release|Any CPU
	EndGlobalSection
	GlobalSection(SolutionProperties) = preSolution
		HideSolutionNode = FALSE
	EndGlobalSection
	GlobalSection(ExtensibilityGlobals) = postSolution
		SolutionGuid = {D0DCB07A-A457-4927-B4B2-089E0CCA4353}
	EndGlobalSection
EndGlobal
