
Microsoft Visual Studio Solution File, Format Version 12.00
# Visual Studio Version 17
VisualStudioVersion = 17.3.32804.467
MinimumVisualStudioVersion = 10.0.40219.1
Project("{FAE04EC0-301F-11D3-BF4B-00C04F79EFBC}") = "Task52", "Task52\Task52.csproj", "{795EA74F-ED24-4AAC-BC41-363D0F5CA064}"
EndProject
Global
	GlobalSection(SolutionConfigurationPlatforms) = preSolution
		Debug|Any CPU = Debug|Any CPU
		Release|Any CPU = Release|Any CPU
	EndGlobalSection
	GlobalSection(ProjectConfigurationPlatforms) = postSolution
		{795EA74F-ED24-4AAC-BC41-363D0F5CA064}.Debug|Any CPU.ActiveCfg = Debug|Any CPU
		{795EA74F-ED24-4AAC-BC41-363D0F5CA064}.Debug|Any CPU.Build.0 = Debug|Any CPU
		{795EA74F-ED24-4AAC-BC41-363D0F5CA064}.Release|Any CPU.ActiveCfg = Release|Any CPU
		{795EA74F-ED24-4AAC-BC41-363D0F5CA064}.Release|Any CPU.Build.0 = Release|Any CPU
	EndGlobalSection
	GlobalSection(SolutionProperties) = preSolution
		HideSolutionNode = FALSE
	EndGlobalSection
	GlobalSection(ExtensibilityGlobals) = postSolution
		SolutionGuid = {2AE62186-D32B-4516-AD24-50F0927B0970}
	EndGlobalSection
EndGlobal
