
Microsoft Visual Studio Solution File, Format Version 12.00
# Visual Studio Version 17
VisualStudioVersion = 17.3.32804.467
MinimumVisualStudioVersion = 10.0.40219.1
Project("{FAE04EC0-301F-11D3-BF4B-00C04F79EFBC}") = "Task66", "Task66\Task66.csproj", "{539C07B7-F75E-45E3-8136-7518F1A833D5}"
EndProject
Global
	GlobalSection(SolutionConfigurationPlatforms) = preSolution
		Debug|Any CPU = Debug|Any CPU
		Release|Any CPU = Release|Any CPU
	EndGlobalSection
	GlobalSection(ProjectConfigurationPlatforms) = postSolution
		{539C07B7-F75E-45E3-8136-7518F1A833D5}.Debug|Any CPU.ActiveCfg = Debug|Any CPU
		{539C07B7-F75E-45E3-8136-7518F1A833D5}.Debug|Any CPU.Build.0 = Debug|Any CPU
		{539C07B7-F75E-45E3-8136-7518F1A833D5}.Release|Any CPU.ActiveCfg = Release|Any CPU
		{539C07B7-F75E-45E3-8136-7518F1A833D5}.Release|Any CPU.Build.0 = Release|Any CPU
	EndGlobalSection
	GlobalSection(SolutionProperties) = preSolution
		HideSolutionNode = FALSE
	EndGlobalSection
	GlobalSection(ExtensibilityGlobals) = postSolution
		SolutionGuid = {A639F9E8-F9B5-404A-8F0B-FE8480B1F43B}
	EndGlobalSection
EndGlobal
