
Microsoft Visual Studio Solution File, Format Version 12.00
# Visual Studio Version 17
VisualStudioVersion = 17.3.32804.467
MinimumVisualStudioVersion = 10.0.40219.1
Project("{FAE04EC0-301F-11D3-BF4B-00C04F79EFBC}") = "Task29", "Task29\Task29.csproj", "{356E3826-99D4-443B-B481-FF8A8E2C136E}"
EndProject
Global
	GlobalSection(SolutionConfigurationPlatforms) = preSolution
		Debug|Any CPU = Debug|Any CPU
		Release|Any CPU = Release|Any CPU
	EndGlobalSection
	GlobalSection(ProjectConfigurationPlatforms) = postSolution
		{356E3826-99D4-443B-B481-FF8A8E2C136E}.Debug|Any CPU.ActiveCfg = Debug|Any CPU
		{356E3826-99D4-443B-B481-FF8A8E2C136E}.Debug|Any CPU.Build.0 = Debug|Any CPU
		{356E3826-99D4-443B-B481-FF8A8E2C136E}.Release|Any CPU.ActiveCfg = Release|Any CPU
		{356E3826-99D4-443B-B481-FF8A8E2C136E}.Release|Any CPU.Build.0 = Release|Any CPU
	EndGlobalSection
	GlobalSection(SolutionProperties) = preSolution
		HideSolutionNode = FALSE
	EndGlobalSection
	GlobalSection(ExtensibilityGlobals) = postSolution
		SolutionGuid = {1AB2488D-AA54-48F7-AA68-0BB586E5DE71}
	EndGlobalSection
EndGlobal
